
Microsoft Visual Studio Solution File, Format Version 12.00
# Visual Studio Version 17
VisualStudioVersion = 17.1.32328.378
MinimumVisualStudioVersion = 10.0.40219.1
Project("{2150E333-8FDC-42A3-9474-1A3956D46DE8}") = "02-DataAccess", "02-DataAccess", "{2BA6A031-A6B1-4F20-8A79-3002C9B1D276}"
EndProject
Project("{2150E333-8FDC-42A3-9474-1A3956D46DE8}") = "04-Entities", "04-Entities", "{244C5DEC-C930-4FF0-80FA-C9D4DE8E4340}"
EndProject
Project("{2150E333-8FDC-42A3-9474-1A3956D46DE8}") = "03-Business", "03-Business", "{A53AA27F-83BE-43B8-B7E6-410BDFAD20E8}"
EndProject
Project("{2150E333-8FDC-42A3-9474-1A3956D46DE8}") = "01-Core", "01-Core", "{C72B8D40-2CA3-4F6B-A526-004505D5CE39}"
EndProject
Project("{2150E333-8FDC-42A3-9474-1A3956D46DE8}") = "05-Dto", "05-Dto", "{E63CC046-EC2D-49A4-97AD-5E7BAEFF712A}"
EndProject
Project("{2150E333-8FDC-42A3-9474-1A3956D46DE8}") = "06-Api", "06-Api", "{FB6D992F-A5D2-4B93-B0CA-5A670B305C4B}"
EndProject
Project("{9A19103F-16F7-4668-BE54-9A1E7A4F7556}") = "Core", "Core\Core.csproj", "{F73C1029-17AF-47E6-8EAD-7001487845C6}"
EndProject
Project("{9A19103F-16F7-4668-BE54-9A1E7A4F7556}") = "DataAccess", "DataAccess\DataAccess.csproj", "{CA0396A2-C66D-4826-9773-B0C063E68DCB}"
EndProject
Project("{9A19103F-16F7-4668-BE54-9A1E7A4F7556}") = "Api", "Api\Api.csproj", "{F0098248-3A35-4327-A362-996E5F7A0412}"
EndProject
Project("{9A19103F-16F7-4668-BE54-9A1E7A4F7556}") = "Business", "Business\Business.csproj", "{DD504574-3C6F-4F59-8267-3077133A944B}"
EndProject
Project("{9A19103F-16F7-4668-BE54-9A1E7A4F7556}") = "Entities", "Entities\Entities.csproj", "{89B14DDE-693C-4174-9E3A-F18BD5C8E543}"
EndProject
Project("{9A19103F-16F7-4668-BE54-9A1E7A4F7556}") = "Dto", "Dto\Dto.csproj", "{7A3D7FA4-1DE5-4ABF-AE9E-557E1A787DF3}"
EndProject
Global
	GlobalSection(SolutionConfigurationPlatforms) = preSolution
		Debug|Any CPU = Debug|Any CPU
		Release|Any CPU = Release|Any CPU
	EndGlobalSection
	GlobalSection(ProjectConfigurationPlatforms) = postSolution
		{F73C1029-17AF-47E6-8EAD-7001487845C6}.Debug|Any CPU.ActiveCfg = Debug|Any CPU
		{F73C1029-17AF-47E6-8EAD-7001487845C6}.Debug|Any CPU.Build.0 = Debug|Any CPU
		{F73C1029-17AF-47E6-8EAD-7001487845C6}.Release|Any CPU.ActiveCfg = Release|Any CPU
		{F73C1029-17AF-47E6-8EAD-7001487845C6}.Release|Any CPU.Build.0 = Release|Any CPU
		{CA0396A2-C66D-4826-9773-B0C063E68DCB}.Debug|Any CPU.ActiveCfg = Debug|Any CPU
		{CA0396A2-C66D-4826-9773-B0C063E68DCB}.Debug|Any CPU.Build.0 = Debug|Any CPU
		{CA0396A2-C66D-4826-9773-B0C063E68DCB}.Release|Any CPU.ActiveCfg = Release|Any CPU
		{CA0396A2-C66D-4826-9773-B0C063E68DCB}.Release|Any CPU.Build.0 = Release|Any CPU
		{F0098248-3A35-4327-A362-996E5F7A0412}.Debug|Any CPU.ActiveCfg = Debug|Any CPU
		{F0098248-3A35-4327-A362-996E5F7A0412}.Debug|Any CPU.Build.0 = Debug|Any CPU
		{F0098248-3A35-4327-A362-996E5F7A0412}.Release|Any CPU.ActiveCfg = Release|Any CPU
		{F0098248-3A35-4327-A362-996E5F7A0412}.Release|Any CPU.Build.0 = Release|Any CPU
		{DD504574-3C6F-4F59-8267-3077133A944B}.Debug|Any CPU.ActiveCfg = Debug|Any CPU
		{DD504574-3C6F-4F59-8267-3077133A944B}.Debug|Any CPU.Build.0 = Debug|Any CPU
		{DD504574-3C6F-4F59-8267-3077133A944B}.Release|Any CPU.ActiveCfg = Release|Any CPU
		{DD504574-3C6F-4F59-8267-3077133A944B}.Release|Any CPU.Build.0 = Release|Any CPU
		{89B14DDE-693C-4174-9E3A-F18BD5C8E543}.Debug|Any CPU.ActiveCfg = Debug|Any CPU
		{89B14DDE-693C-4174-9E3A-F18BD5C8E543}.Debug|Any CPU.Build.0 = Debug|Any CPU
		{89B14DDE-693C-4174-9E3A-F18BD5C8E543}.Release|Any CPU.ActiveCfg = Release|Any CPU
		{89B14DDE-693C-4174-9E3A-F18BD5C8E543}.Release|Any CPU.Build.0 = Release|Any CPU
		{7A3D7FA4-1DE5-4ABF-AE9E-557E1A787DF3}.Debug|Any CPU.ActiveCfg = Debug|Any CPU
		{7A3D7FA4-1DE5-4ABF-AE9E-557E1A787DF3}.Debug|Any CPU.Build.0 = Debug|Any CPU
		{7A3D7FA4-1DE5-4ABF-AE9E-557E1A787DF3}.Release|Any CPU.ActiveCfg = Release|Any CPU
		{7A3D7FA4-1DE5-4ABF-AE9E-557E1A787DF3}.Release|Any CPU.Build.0 = Release|Any CPU
	EndGlobalSection
	GlobalSection(SolutionProperties) = preSolution
		HideSolutionNode = FALSE
	EndGlobalSection
	GlobalSection(NestedProjects) = preSolution
		{F73C1029-17AF-47E6-8EAD-7001487845C6} = {C72B8D40-2CA3-4F6B-A526-004505D5CE39}
		{CA0396A2-C66D-4826-9773-B0C063E68DCB} = {2BA6A031-A6B1-4F20-8A79-3002C9B1D276}
		{F0098248-3A35-4327-A362-996E5F7A0412} = {FB6D992F-A5D2-4B93-B0CA-5A670B305C4B}
		{DD504574-3C6F-4F59-8267-3077133A944B} = {A53AA27F-83BE-43B8-B7E6-410BDFAD20E8}
		{89B14DDE-693C-4174-9E3A-F18BD5C8E543} = {244C5DEC-C930-4FF0-80FA-C9D4DE8E4340}
		{7A3D7FA4-1DE5-4ABF-AE9E-557E1A787DF3} = {E63CC046-EC2D-49A4-97AD-5E7BAEFF712A}
	EndGlobalSection
	GlobalSection(ExtensibilityGlobals) = postSolution
		SolutionGuid = {CB22EB21-55D4-4D34-A3DA-BDB150256717}
	EndGlobalSection
EndGlobal
